{
  "name": "node-red-contrib-natsstreaming",
  "version": "0.2.3",
  "lockfileVersion": 1,
  "requires": true,
  "dependencies": {
    "google-protobuf": {
      "version": "3.11.2",
      "resolved": "https://registry.npmjs.org/google-protobuf/-/google-protobuf-3.11.2.tgz",
      "integrity": "sha512-T4fin7lcYLUPj2ChUZ4DvfuuHtg3xi1621qeRZt2J7SvOQusOzq+sDT4vbotWTCjUXJoR36CA016LlhtPy80uQ=="
    },
    "nats": {
      "version": "1.3.2",
      "resolved": "https://registry.npmjs.org/nats/-/nats-1.3.2.tgz",
      "integrity": "sha512-4BVDo3aT+x+ac/RgW1GXBLkjS7iXYrmQymFgQ33/bYn8VuU65M8gd7yxra+7Dr5J3RRN6+Bt0KhoG9ugzmL0rQ==",
      "requires": {
        "nuid": "^1.0.0",
        "ts-nkeys": "^1.0.8"
      }
    },
    "node-nats-streaming": {
      "version": "0.2.6",
      "resolved": "https://registry.npmjs.org/node-nats-streaming/-/node-nats-streaming-0.2.6.tgz",
      "integrity": "sha512-UTS/tHextk+qdXl0fiSKFPU12eWsRkeRzbzo1zk6ZbXu/PnszKtnSwzxhVRYveU7VjDebYsAFpde1MjC5Y3Nvw==",
      "requires": {
        "google-protobuf": "^3.9.0",
        "nats": "^1.3.0",
        "nuid": "^1.1.0"
      }
    },
    "nuid": {
      "version": "1.1.0",
      "resolved": "https://registry.npmjs.org/nuid/-/nuid-1.1.0.tgz",
      "integrity": "sha512-C/JdZ6PtCqKsCEs4ni76nhBsdmuQgLAT/CTLNprkcLViDAnkk7qx5sSA8PVC2vmSsdBlSsFuGb52v6pwn1oaeg=="
    },
    "ts-nkeys": {
      "version": "1.0.14",
      "resolved": "https://registry.npmjs.org/ts-nkeys/-/ts-nkeys-1.0.14.tgz",
      "integrity": "sha512-WIPykDjpnOvVn5zDNv1uu6o1+Uj+CXaQOM4Od6k2SRiUF4rmhjk7nAHC0mGrWjj0GxeQnwKQv++65qtm1O6kiA==",
      "requires": {
        "tweetnacl": "^1.0.1"
      }
    },
    "tweetnacl": {
      "version": "1.0.1",
      "resolved": "https://registry.npmjs.org/tweetnacl/-/tweetnacl-1.0.1.tgz",
      "integrity": "sha512-kcoMoKTPYnoeS50tzoqjPY3Uv9axeuuFAZY9M/9zFnhoVvRfxz9K29IMPD7jGmt2c8SW7i3gT9WqDl2+nV7p4A=="
    }
  }
}
