{
  "name": "node-red-contrib-natsstreaming",
  "version": "0.0.1",
  "lockfileVersion": 1,
  "requires": true,
  "dependencies": {
    "nats": {
      "version": "1.0.1",
      "resolved": "https://registry.npmjs.org/nats/-/nats-1.0.1.tgz",
      "integrity": "sha512-FpvmGwCNcKxujBAd+wUkiIx9IjsOETj224PositBx/KYqlQtICY9ZwBLIiMstndwuiSXm132VhN1HV+m+WSbtg==",
      "requires": {
        "nuid": "^1.0.0"
      }
    },
    "nuid": {
      "version": "1.0.0",
      "resolved": "https://registry.npmjs.org/nuid/-/nuid-1.0.0.tgz",
      "integrity": "sha512-046ukkoG8NXjiJMpQYLpGhYJIXJlClt2rDlnubCXN1/pztO/YTD2WkhyBZsEADsUwVtVMv5UmC0B2QrT5sZiDQ=="
    }
  }
}
